
Microsoft Visual Studio Solution File, Format Version 12.00
# Visual Studio Version 17
VisualStudioVersion = 17.1.32319.34
MinimumVisualStudioVersion = 10.0.40219.1
Project("{FAE04EC0-301F-11D3-BF4B-00C04F79EFBC}") = "cfinalproje", "cfinalproje\cfinalproje.csproj", "{C7AC8949-ED7F-473C-A7FF-094FE69FFA08}"
EndProject
Global
	GlobalSection(SolutionConfigurationPlatforms) = preSolution
		Debug|Any CPU = Debug|Any CPU
		Release|Any CPU = Release|Any CPU
	EndGlobalSection
	GlobalSection(ProjectConfigurationPlatforms) = postSolution
		{C7AC8949-ED7F-473C-A7FF-094FE69FFA08}.Debug|Any CPU.ActiveCfg = Debug|Any CPU
		{C7AC8949-ED7F-473C-A7FF-094FE69FFA08}.Debug|Any CPU.Build.0 = Debug|Any CPU
		{C7AC8949-ED7F-473C-A7FF-094FE69FFA08}.Release|Any CPU.ActiveCfg = Release|Any CPU
		{C7AC8949-ED7F-473C-A7FF-094FE69FFA08}.Release|Any CPU.Build.0 = Release|Any CPU
	EndGlobalSection
	GlobalSection(SolutionProperties) = preSolution
		HideSolutionNode = FALSE
	EndGlobalSection
	GlobalSection(ExtensibilityGlobals) = postSolution
		SolutionGuid = {86EEDC29-D557-47E8-94DE-489BA804B213}
	EndGlobalSection
EndGlobal
